
Microsoft Visual Studio Solution File, Format Version 12.00
# Visual Studio Version 17
VisualStudioVersion = 17.3.32901.215
MinimumVisualStudioVersion = 10.0.40219.1
Project("{FAE04EC0-301F-11D3-BF4B-00C04F79EFBC}") = "Nested Loops - Exercise", "Nested Loops - Exercise\Nested Loops - Exercise.csproj", "{79FC1ABB-0131-4D17-BC0B-DAE3A5D86F1F}"
EndProject
Project("{FAE04EC0-301F-11D3-BF4B-00C04F79EFBC}") = "T02. Equal Sums Even Odd Position", "T02. Equal Sums Even Odd Position\T02. Equal Sums Even Odd Position.csproj", "{930A0249-0474-4716-AC5A-89D92EF15D81}"
EndProject
Project("{FAE04EC0-301F-11D3-BF4B-00C04F79EFBC}") = "T03. Sum Prime Non Prime", "T03. Sum Prime Non Prime\T03. Sum Prime Non Prime.csproj", "{25E4D467-600B-4FB3-B926-1BF7562F8C15}"
EndProject
Project("{FAE04EC0-301F-11D3-BF4B-00C04F79EFBC}") = "T04. Train The Trainers", "T04. Train The Trainers\T04. Train The Trainers.csproj", "{F175C90D-4459-41D3-B60B-B3B369AA2A42}"
EndProject
Global
	GlobalSection(SolutionConfigurationPlatforms) = preSolution
		Debug|Any CPU = Debug|Any CPU
		Release|Any CPU = Release|Any CPU
	EndGlobalSection
	GlobalSection(ProjectConfigurationPlatforms) = postSolution
		{79FC1ABB-0131-4D17-BC0B-DAE3A5D86F1F}.Debug|Any CPU.ActiveCfg = Debug|Any CPU
		{79FC1ABB-0131-4D17-BC0B-DAE3A5D86F1F}.Debug|Any CPU.Build.0 = Debug|Any CPU
		{79FC1ABB-0131-4D17-BC0B-DAE3A5D86F1F}.Release|Any CPU.ActiveCfg = Release|Any CPU
		{79FC1ABB-0131-4D17-BC0B-DAE3A5D86F1F}.Release|Any CPU.Build.0 = Release|Any CPU
		{930A0249-0474-4716-AC5A-89D92EF15D81}.Debug|Any CPU.ActiveCfg = Debug|Any CPU
		{930A0249-0474-4716-AC5A-89D92EF15D81}.Debug|Any CPU.Build.0 = Debug|Any CPU
		{930A0249-0474-4716-AC5A-89D92EF15D81}.Release|Any CPU.ActiveCfg = Release|Any CPU
		{930A0249-0474-4716-AC5A-89D92EF15D81}.Release|Any CPU.Build.0 = Release|Any CPU
		{25E4D467-600B-4FB3-B926-1BF7562F8C15}.Debug|Any CPU.ActiveCfg = Debug|Any CPU
		{25E4D467-600B-4FB3-B926-1BF7562F8C15}.Debug|Any CPU.Build.0 = Debug|Any CPU
		{25E4D467-600B-4FB3-B926-1BF7562F8C15}.Release|Any CPU.ActiveCfg = Release|Any CPU
		{25E4D467-600B-4FB3-B926-1BF7562F8C15}.Release|Any CPU.Build.0 = Release|Any CPU
		{F175C90D-4459-41D3-B60B-B3B369AA2A42}.Debug|Any CPU.ActiveCfg = Debug|Any CPU
		{F175C90D-4459-41D3-B60B-B3B369AA2A42}.Debug|Any CPU.Build.0 = Debug|Any CPU
		{F175C90D-4459-41D3-B60B-B3B369AA2A42}.Release|Any CPU.ActiveCfg = Release|Any CPU
		{F175C90D-4459-41D3-B60B-B3B369AA2A42}.Release|Any CPU.Build.0 = Release|Any CPU
	EndGlobalSection
	GlobalSection(SolutionProperties) = preSolution
		HideSolutionNode = FALSE
	EndGlobalSection
	GlobalSection(ExtensibilityGlobals) = postSolution
		SolutionGuid = {9F36EB97-2FBD-4B64-B04B-5914C1BF186C}
	EndGlobalSection
EndGlobal
