
Microsoft Visual Studio Solution File, Format Version 12.00
# Visual Studio Version 17
VisualStudioVersion = 17.3.32901.215
MinimumVisualStudioVersion = 10.0.40219.1
Project("{FAE04EC0-301F-11D3-BF4B-00C04F79EFBC}") = "Conditional Statements - Lab", "Conditional Statements - Lab\Conditional Statements - Lab.csproj", "{46B60CBA-8AAF-4C49-925A-656B74FF823F}"
EndProject
Project("{FAE04EC0-301F-11D3-BF4B-00C04F79EFBC}") = "T02. Greater Number", "T02. Greater Number\T02. Greater Number.csproj", "{4DFF6FCE-74DD-42D6-8117-2580A7F4B65A}"
EndProject
Project("{FAE04EC0-301F-11D3-BF4B-00C04F79EFBC}") = "T03. Even or Odd", "T03. Even or Odd\T03. Even or Odd.csproj", "{E7F7BDCE-4030-4062-A322-AF84639DEA47}"
EndProject
Global
	GlobalSection(SolutionConfigurationPlatforms) = preSolution
		Debug|Any CPU = Debug|Any CPU
		Release|Any CPU = Release|Any CPU
	EndGlobalSection
	GlobalSection(ProjectConfigurationPlatforms) = postSolution
		{46B60CBA-8AAF-4C49-925A-656B74FF823F}.Debug|Any CPU.ActiveCfg = Debug|Any CPU
		{46B60CBA-8AAF-4C49-925A-656B74FF823F}.Debug|Any CPU.Build.0 = Debug|Any CPU
		{46B60CBA-8AAF-4C49-925A-656B74FF823F}.Release|Any CPU.ActiveCfg = Release|Any CPU
		{46B60CBA-8AAF-4C49-925A-656B74FF823F}.Release|Any CPU.Build.0 = Release|Any CPU
		{4DFF6FCE-74DD-42D6-8117-2580A7F4B65A}.Debug|Any CPU.ActiveCfg = Debug|Any CPU
		{4DFF6FCE-74DD-42D6-8117-2580A7F4B65A}.Debug|Any CPU.Build.0 = Debug|Any CPU
		{4DFF6FCE-74DD-42D6-8117-2580A7F4B65A}.Release|Any CPU.ActiveCfg = Release|Any CPU
		{4DFF6FCE-74DD-42D6-8117-2580A7F4B65A}.Release|Any CPU.Build.0 = Release|Any CPU
		{E7F7BDCE-4030-4062-A322-AF84639DEA47}.Debug|Any CPU.ActiveCfg = Debug|Any CPU
		{E7F7BDCE-4030-4062-A322-AF84639DEA47}.Debug|Any CPU.Build.0 = Debug|Any CPU
		{E7F7BDCE-4030-4062-A322-AF84639DEA47}.Release|Any CPU.ActiveCfg = Release|Any CPU
		{E7F7BDCE-4030-4062-A322-AF84639DEA47}.Release|Any CPU.Build.0 = Release|Any CPU
	EndGlobalSection
	GlobalSection(SolutionProperties) = preSolution
		HideSolutionNode = FALSE
	EndGlobalSection
	GlobalSection(ExtensibilityGlobals) = postSolution
		SolutionGuid = {1C221D83-EA4C-47E1-9936-C984DCB38712}
	EndGlobalSection
EndGlobal
