
Microsoft Visual Studio Solution File, Format Version 12.00
# Visual Studio Version 17
VisualStudioVersion = 17.3.32901.215
MinimumVisualStudioVersion = 10.0.40219.1
Project("{FAE04EC0-301F-11D3-BF4B-00C04F79EFBC}") = "For Loop - Lab", "For Loop - Lab\For Loop - Lab.csproj", "{D5A40610-5D1B-43FB-B46C-FA70180FBE12}"
EndProject
Project("{FAE04EC0-301F-11D3-BF4B-00C04F79EFBC}") = "T02. Numbers N to 1", "T02. Numbers N to 1\T02. Numbers N to 1.csproj", "{C9D4B7B8-6106-490B-BE9C-E1E05F380983}"
EndProject
Project("{FAE04EC0-301F-11D3-BF4B-00C04F79EFBC}") = "T03. Numbers 1 to N with Step 3", "T03. Numbers 1 to N with Step 3\T03. Numbers 1 to N with Step 3.csproj", "{824E4916-BB57-4D59-85CC-9650E16E36FB}"
EndProject
Global
	GlobalSection(SolutionConfigurationPlatforms) = preSolution
		Debug|Any CPU = Debug|Any CPU
		Release|Any CPU = Release|Any CPU
	EndGlobalSection
	GlobalSection(ProjectConfigurationPlatforms) = postSolution
		{D5A40610-5D1B-43FB-B46C-FA70180FBE12}.Debug|Any CPU.ActiveCfg = Debug|Any CPU
		{D5A40610-5D1B-43FB-B46C-FA70180FBE12}.Debug|Any CPU.Build.0 = Debug|Any CPU
		{D5A40610-5D1B-43FB-B46C-FA70180FBE12}.Release|Any CPU.ActiveCfg = Release|Any CPU
		{D5A40610-5D1B-43FB-B46C-FA70180FBE12}.Release|Any CPU.Build.0 = Release|Any CPU
		{C9D4B7B8-6106-490B-BE9C-E1E05F380983}.Debug|Any CPU.ActiveCfg = Debug|Any CPU
		{C9D4B7B8-6106-490B-BE9C-E1E05F380983}.Debug|Any CPU.Build.0 = Debug|Any CPU
		{C9D4B7B8-6106-490B-BE9C-E1E05F380983}.Release|Any CPU.ActiveCfg = Release|Any CPU
		{C9D4B7B8-6106-490B-BE9C-E1E05F380983}.Release|Any CPU.Build.0 = Release|Any CPU
		{824E4916-BB57-4D59-85CC-9650E16E36FB}.Debug|Any CPU.ActiveCfg = Debug|Any CPU
		{824E4916-BB57-4D59-85CC-9650E16E36FB}.Debug|Any CPU.Build.0 = Debug|Any CPU
		{824E4916-BB57-4D59-85CC-9650E16E36FB}.Release|Any CPU.ActiveCfg = Release|Any CPU
		{824E4916-BB57-4D59-85CC-9650E16E36FB}.Release|Any CPU.Build.0 = Release|Any CPU
	EndGlobalSection
	GlobalSection(SolutionProperties) = preSolution
		HideSolutionNode = FALSE
	EndGlobalSection
	GlobalSection(ExtensibilityGlobals) = postSolution
		SolutionGuid = {F7B076F8-3719-429B-8DF6-0975B4AEA61A}
	EndGlobalSection
EndGlobal
