
Microsoft Visual Studio Solution File, Format Version 12.00
# Visual Studio Version 17
VisualStudioVersion = 17.3.32901.215
MinimumVisualStudioVersion = 10.0.40219.1
Project("{FAE04EC0-301F-11D3-BF4B-00C04F79EFBC}") = "CSA - Lab", "CSA - Lab\CSA - Lab.csproj", "{A1893957-641B-47E4-A92A-56353E2A8779}"
EndProject
Project("{FAE04EC0-301F-11D3-BF4B-00C04F79EFBC}") = "T02. Weekend or Working Day", "T02. Weekend or Working Day\T02. Weekend or Working Day.csproj", "{0861732B-CCC9-405B-BAC5-05CEECF3BFED}"
EndProject
Project("{FAE04EC0-301F-11D3-BF4B-00C04F79EFBC}") = "T03. Animal Type", "T03. Animal Type\T03. Animal Type.csproj", "{3F74B29C-0C1E-4582-BFA9-A00020469BAE}"
EndProject
Project("{FAE04EC0-301F-11D3-BF4B-00C04F79EFBC}") = "T04. Personal Titles", "T04. Personal Titles\T04. Personal Titles.csproj", "{0AE89A8B-0186-4AA7-893E-8B578B11BF80}"
EndProject
Project("{FAE04EC0-301F-11D3-BF4B-00C04F79EFBC}") = "T05. Small Shop", "T05. Small Shop\T05. Small Shop.csproj", "{CCB37E4C-71C3-4827-AC1B-87C93DD04E3A}"
EndProject
Project("{FAE04EC0-301F-11D3-BF4B-00C04F79EFBC}") = "T06. Number in Range", "T06. Number in Range\T06. Number in Range.csproj", "{22DB9B45-6288-43A8-8C7E-796ADA65FEFF}"
EndProject
Project("{FAE04EC0-301F-11D3-BF4B-00C04F79EFBC}") = "T07. Working Hours", "T07.Working Hours\T07. Working Hours.csproj", "{E7D1C24C-423D-4BCD-8676-BFB90584C880}"
EndProject
Project("{FAE04EC0-301F-11D3-BF4B-00C04F79EFBC}") = "T08.Cinema Ticket", "T08.Cinema Ticket\T08.Cinema Ticket.csproj", "{FD636248-AF61-43DE-8FE2-DFC1F4103734}"
EndProject
Project("{FAE04EC0-301F-11D3-BF4B-00C04F79EFBC}") = "T09. Fruit or Vegetable", "T09. Fruit or Vegetable\T09. Fruit or Vegetable.csproj", "{499410C4-3F45-4A3E-8EE8-DA11F636AFD2}"
EndProject
Project("{FAE04EC0-301F-11D3-BF4B-00C04F79EFBC}") = "T10. Invalid Number", "T10. Invalid Number\T10. Invalid Number.csproj", "{82E58C30-EC96-415D-9981-37642006F268}"
EndProject
Project("{FAE04EC0-301F-11D3-BF4B-00C04F79EFBC}") = "T11. Fruit Shop", "T11. Fruit Shop\T11. Fruit Shop.csproj", "{1F897D82-EF9D-457C-89B6-4E0819F90D75}"
EndProject
Global
	GlobalSection(SolutionConfigurationPlatforms) = preSolution
		Debug|Any CPU = Debug|Any CPU
		Release|Any CPU = Release|Any CPU
	EndGlobalSection
	GlobalSection(ProjectConfigurationPlatforms) = postSolution
		{A1893957-641B-47E4-A92A-56353E2A8779}.Debug|Any CPU.ActiveCfg = Debug|Any CPU
		{A1893957-641B-47E4-A92A-56353E2A8779}.Debug|Any CPU.Build.0 = Debug|Any CPU
		{A1893957-641B-47E4-A92A-56353E2A8779}.Release|Any CPU.ActiveCfg = Release|Any CPU
		{A1893957-641B-47E4-A92A-56353E2A8779}.Release|Any CPU.Build.0 = Release|Any CPU
		{0861732B-CCC9-405B-BAC5-05CEECF3BFED}.Debug|Any CPU.ActiveCfg = Debug|Any CPU
		{0861732B-CCC9-405B-BAC5-05CEECF3BFED}.Debug|Any CPU.Build.0 = Debug|Any CPU
		{0861732B-CCC9-405B-BAC5-05CEECF3BFED}.Release|Any CPU.ActiveCfg = Release|Any CPU
		{0861732B-CCC9-405B-BAC5-05CEECF3BFED}.Release|Any CPU.Build.0 = Release|Any CPU
		{3F74B29C-0C1E-4582-BFA9-A00020469BAE}.Debug|Any CPU.ActiveCfg = Debug|Any CPU
		{3F74B29C-0C1E-4582-BFA9-A00020469BAE}.Debug|Any CPU.Build.0 = Debug|Any CPU
		{3F74B29C-0C1E-4582-BFA9-A00020469BAE}.Release|Any CPU.ActiveCfg = Release|Any CPU
		{3F74B29C-0C1E-4582-BFA9-A00020469BAE}.Release|Any CPU.Build.0 = Release|Any CPU
		{0AE89A8B-0186-4AA7-893E-8B578B11BF80}.Debug|Any CPU.ActiveCfg = Debug|Any CPU
		{0AE89A8B-0186-4AA7-893E-8B578B11BF80}.Debug|Any CPU.Build.0 = Debug|Any CPU
		{0AE89A8B-0186-4AA7-893E-8B578B11BF80}.Release|Any CPU.ActiveCfg = Release|Any CPU
		{0AE89A8B-0186-4AA7-893E-8B578B11BF80}.Release|Any CPU.Build.0 = Release|Any CPU
		{CCB37E4C-71C3-4827-AC1B-87C93DD04E3A}.Debug|Any CPU.ActiveCfg = Debug|Any CPU
		{CCB37E4C-71C3-4827-AC1B-87C93DD04E3A}.Debug|Any CPU.Build.0 = Debug|Any CPU
		{CCB37E4C-71C3-4827-AC1B-87C93DD04E3A}.Release|Any CPU.ActiveCfg = Release|Any CPU
		{CCB37E4C-71C3-4827-AC1B-87C93DD04E3A}.Release|Any CPU.Build.0 = Release|Any CPU
		{22DB9B45-6288-43A8-8C7E-796ADA65FEFF}.Debug|Any CPU.ActiveCfg = Debug|Any CPU
		{22DB9B45-6288-43A8-8C7E-796ADA65FEFF}.Debug|Any CPU.Build.0 = Debug|Any CPU
		{22DB9B45-6288-43A8-8C7E-796ADA65FEFF}.Release|Any CPU.ActiveCfg = Release|Any CPU
		{22DB9B45-6288-43A8-8C7E-796ADA65FEFF}.Release|Any CPU.Build.0 = Release|Any CPU
		{E7D1C24C-423D-4BCD-8676-BFB90584C880}.Debug|Any CPU.ActiveCfg = Debug|Any CPU
		{E7D1C24C-423D-4BCD-8676-BFB90584C880}.Debug|Any CPU.Build.0 = Debug|Any CPU
		{E7D1C24C-423D-4BCD-8676-BFB90584C880}.Release|Any CPU.ActiveCfg = Release|Any CPU
		{E7D1C24C-423D-4BCD-8676-BFB90584C880}.Release|Any CPU.Build.0 = Release|Any CPU
		{FD636248-AF61-43DE-8FE2-DFC1F4103734}.Debug|Any CPU.ActiveCfg = Debug|Any CPU
		{FD636248-AF61-43DE-8FE2-DFC1F4103734}.Debug|Any CPU.Build.0 = Debug|Any CPU
		{FD636248-AF61-43DE-8FE2-DFC1F4103734}.Release|Any CPU.ActiveCfg = Release|Any CPU
		{FD636248-AF61-43DE-8FE2-DFC1F4103734}.Release|Any CPU.Build.0 = Release|Any CPU
		{499410C4-3F45-4A3E-8EE8-DA11F636AFD2}.Debug|Any CPU.ActiveCfg = Debug|Any CPU
		{499410C4-3F45-4A3E-8EE8-DA11F636AFD2}.Debug|Any CPU.Build.0 = Debug|Any CPU
		{499410C4-3F45-4A3E-8EE8-DA11F636AFD2}.Release|Any CPU.ActiveCfg = Release|Any CPU
		{499410C4-3F45-4A3E-8EE8-DA11F636AFD2}.Release|Any CPU.Build.0 = Release|Any CPU
		{82E58C30-EC96-415D-9981-37642006F268}.Debug|Any CPU.ActiveCfg = Debug|Any CPU
		{82E58C30-EC96-415D-9981-37642006F268}.Debug|Any CPU.Build.0 = Debug|Any CPU
		{82E58C30-EC96-415D-9981-37642006F268}.Release|Any CPU.ActiveCfg = Release|Any CPU
		{82E58C30-EC96-415D-9981-37642006F268}.Release|Any CPU.Build.0 = Release|Any CPU
		{1F897D82-EF9D-457C-89B6-4E0819F90D75}.Debug|Any CPU.ActiveCfg = Debug|Any CPU
		{1F897D82-EF9D-457C-89B6-4E0819F90D75}.Debug|Any CPU.Build.0 = Debug|Any CPU
		{1F897D82-EF9D-457C-89B6-4E0819F90D75}.Release|Any CPU.ActiveCfg = Release|Any CPU
		{1F897D82-EF9D-457C-89B6-4E0819F90D75}.Release|Any CPU.Build.0 = Release|Any CPU
	EndGlobalSection
	GlobalSection(SolutionProperties) = preSolution
		HideSolutionNode = FALSE
	EndGlobalSection
	GlobalSection(ExtensibilityGlobals) = postSolution
		SolutionGuid = {74B6A8A7-9EFF-4875-BCD3-AFF948814F1B}
	EndGlobalSection
EndGlobal
