
Microsoft Visual Studio Solution File, Format Version 12.00
# Visual Studio Version 17
VisualStudioVersion = 17.3.32901.215
MinimumVisualStudioVersion = 10.0.40219.1
Project("{FAE04EC0-301F-11D3-BF4B-00C04F79EFBC}") = "CSA_Exercise", "CSA_Exercise\CSA_Exercise.csproj", "{2F6FB86F-BE2B-4B7D-AB2D-CD2C0479FF74}"
EndProject
Project("{FAE04EC0-301F-11D3-BF4B-00C04F79EFBC}") = "T02. Summer Outfit", "T02. Summer Outfit\T02. Summer Outfit.csproj", "{C1D8F97C-CCA0-4C48-8551-00E6767CCBFE}"
EndProject
Project("{FAE04EC0-301F-11D3-BF4B-00C04F79EFBC}") = "T03. New House", "T03. New House\T03. New House.csproj", "{F2FEC4B0-9B1F-431D-84E1-9B3B799A731E}"
EndProject
Project("{FAE04EC0-301F-11D3-BF4B-00C04F79EFBC}") = "T04. Fishing Boat", "T04. Fishing Boat\T04. Fishing Boat.csproj", "{4D04ABB3-602F-410A-8DF8-D399ED00017A}"
EndProject
Global
	GlobalSection(SolutionConfigurationPlatforms) = preSolution
		Debug|Any CPU = Debug|Any CPU
		Release|Any CPU = Release|Any CPU
	EndGlobalSection
	GlobalSection(ProjectConfigurationPlatforms) = postSolution
		{2F6FB86F-BE2B-4B7D-AB2D-CD2C0479FF74}.Debug|Any CPU.ActiveCfg = Debug|Any CPU
		{2F6FB86F-BE2B-4B7D-AB2D-CD2C0479FF74}.Debug|Any CPU.Build.0 = Debug|Any CPU
		{2F6FB86F-BE2B-4B7D-AB2D-CD2C0479FF74}.Release|Any CPU.ActiveCfg = Release|Any CPU
		{2F6FB86F-BE2B-4B7D-AB2D-CD2C0479FF74}.Release|Any CPU.Build.0 = Release|Any CPU
		{C1D8F97C-CCA0-4C48-8551-00E6767CCBFE}.Debug|Any CPU.ActiveCfg = Debug|Any CPU
		{C1D8F97C-CCA0-4C48-8551-00E6767CCBFE}.Debug|Any CPU.Build.0 = Debug|Any CPU
		{C1D8F97C-CCA0-4C48-8551-00E6767CCBFE}.Release|Any CPU.ActiveCfg = Release|Any CPU
		{C1D8F97C-CCA0-4C48-8551-00E6767CCBFE}.Release|Any CPU.Build.0 = Release|Any CPU
		{F2FEC4B0-9B1F-431D-84E1-9B3B799A731E}.Debug|Any CPU.ActiveCfg = Debug|Any CPU
		{F2FEC4B0-9B1F-431D-84E1-9B3B799A731E}.Debug|Any CPU.Build.0 = Debug|Any CPU
		{F2FEC4B0-9B1F-431D-84E1-9B3B799A731E}.Release|Any CPU.ActiveCfg = Release|Any CPU
		{F2FEC4B0-9B1F-431D-84E1-9B3B799A731E}.Release|Any CPU.Build.0 = Release|Any CPU
		{4D04ABB3-602F-410A-8DF8-D399ED00017A}.Debug|Any CPU.ActiveCfg = Debug|Any CPU
		{4D04ABB3-602F-410A-8DF8-D399ED00017A}.Debug|Any CPU.Build.0 = Debug|Any CPU
		{4D04ABB3-602F-410A-8DF8-D399ED00017A}.Release|Any CPU.ActiveCfg = Release|Any CPU
		{4D04ABB3-602F-410A-8DF8-D399ED00017A}.Release|Any CPU.Build.0 = Release|Any CPU
	EndGlobalSection
	GlobalSection(SolutionProperties) = preSolution
		HideSolutionNode = FALSE
	EndGlobalSection
	GlobalSection(ExtensibilityGlobals) = postSolution
		SolutionGuid = {4631CB6A-EC71-4591-8DD1-ADFE6829CFF8}
	EndGlobalSection
EndGlobal
