
Microsoft Visual Studio Solution File, Format Version 12.00
# Visual Studio Version 17
VisualStudioVersion = 17.3.32901.215
MinimumVisualStudioVersion = 10.0.40219.1
Project("{9A19103F-16F7-4668-BE54-9A1E7A4F7556}") = "DT and Var. - Exercise", "DT and Var. - Exercise\DT and Var. - Exercise.csproj", "{79473893-13CA-4C00-B7D2-E484B78E8710}"
EndProject
Project("{9A19103F-16F7-4668-BE54-9A1E7A4F7556}") = "T02. Sum Digits", "T02. Sum Digits\T02. Sum Digits.csproj", "{A7C66168-1005-4893-8AB4-0C5CD56C4582}"
EndProject
Project("{9A19103F-16F7-4668-BE54-9A1E7A4F7556}") = "T03. Elevator", "T03. Elevator\T03. Elevator.csproj", "{8ECECE4E-0248-4F6F-8872-FAF40136E5D2}"
EndProject
Project("{9A19103F-16F7-4668-BE54-9A1E7A4F7556}") = "T04. Sum of Chars", "T04. Sum of Chars\T04. Sum of Chars.csproj", "{2F5A6EA1-949E-4359-8DAD-D421C5CC0462}"
EndProject
Project("{9A19103F-16F7-4668-BE54-9A1E7A4F7556}") = "T05. Print Part Of ASCII Table", "T05. Print Part Of ASCII Table\T05. Print Part Of ASCII Table.csproj", "{1334B1AD-7036-43AD-93A4-A28CBFE03171}"
EndProject
Project("{9A19103F-16F7-4668-BE54-9A1E7A4F7556}") = "T06. Triples of Latin Letters", "T06. Triples of Latin Letters\T06. Triples of Latin Letters.csproj", "{6DD6E6F0-4732-4906-A6B9-75C931BA74AD}"
EndProject
Project("{FAE04EC0-301F-11D3-BF4B-00C04F79EFBC}") = "T07. Water Overflow", "T07. Water Overflow\T07. Water Overflow.csproj", "{52F3494E-5363-42EB-91EB-84EC17AEA3F7}"
EndProject
Project("{FAE04EC0-301F-11D3-BF4B-00C04F79EFBC}") = "T08. Beer Kegs", "T08. Beer Kegs\T08. Beer Kegs.csproj", "{2B142657-9CFD-4969-9E55-8F63C876CA40}"
EndProject
Global
	GlobalSection(SolutionConfigurationPlatforms) = preSolution
		Debug|Any CPU = Debug|Any CPU
		Release|Any CPU = Release|Any CPU
	EndGlobalSection
	GlobalSection(ProjectConfigurationPlatforms) = postSolution
		{79473893-13CA-4C00-B7D2-E484B78E8710}.Debug|Any CPU.ActiveCfg = Debug|Any CPU
		{79473893-13CA-4C00-B7D2-E484B78E8710}.Debug|Any CPU.Build.0 = Debug|Any CPU
		{79473893-13CA-4C00-B7D2-E484B78E8710}.Release|Any CPU.ActiveCfg = Release|Any CPU
		{79473893-13CA-4C00-B7D2-E484B78E8710}.Release|Any CPU.Build.0 = Release|Any CPU
		{A7C66168-1005-4893-8AB4-0C5CD56C4582}.Debug|Any CPU.ActiveCfg = Debug|Any CPU
		{A7C66168-1005-4893-8AB4-0C5CD56C4582}.Debug|Any CPU.Build.0 = Debug|Any CPU
		{A7C66168-1005-4893-8AB4-0C5CD56C4582}.Release|Any CPU.ActiveCfg = Release|Any CPU
		{A7C66168-1005-4893-8AB4-0C5CD56C4582}.Release|Any CPU.Build.0 = Release|Any CPU
		{8ECECE4E-0248-4F6F-8872-FAF40136E5D2}.Debug|Any CPU.ActiveCfg = Debug|Any CPU
		{8ECECE4E-0248-4F6F-8872-FAF40136E5D2}.Debug|Any CPU.Build.0 = Debug|Any CPU
		{8ECECE4E-0248-4F6F-8872-FAF40136E5D2}.Release|Any CPU.ActiveCfg = Release|Any CPU
		{8ECECE4E-0248-4F6F-8872-FAF40136E5D2}.Release|Any CPU.Build.0 = Release|Any CPU
		{2F5A6EA1-949E-4359-8DAD-D421C5CC0462}.Debug|Any CPU.ActiveCfg = Debug|Any CPU
		{2F5A6EA1-949E-4359-8DAD-D421C5CC0462}.Debug|Any CPU.Build.0 = Debug|Any CPU
		{2F5A6EA1-949E-4359-8DAD-D421C5CC0462}.Release|Any CPU.ActiveCfg = Release|Any CPU
		{2F5A6EA1-949E-4359-8DAD-D421C5CC0462}.Release|Any CPU.Build.0 = Release|Any CPU
		{1334B1AD-7036-43AD-93A4-A28CBFE03171}.Debug|Any CPU.ActiveCfg = Debug|Any CPU
		{1334B1AD-7036-43AD-93A4-A28CBFE03171}.Debug|Any CPU.Build.0 = Debug|Any CPU
		{1334B1AD-7036-43AD-93A4-A28CBFE03171}.Release|Any CPU.ActiveCfg = Release|Any CPU
		{1334B1AD-7036-43AD-93A4-A28CBFE03171}.Release|Any CPU.Build.0 = Release|Any CPU
		{6DD6E6F0-4732-4906-A6B9-75C931BA74AD}.Debug|Any CPU.ActiveCfg = Debug|Any CPU
		{6DD6E6F0-4732-4906-A6B9-75C931BA74AD}.Debug|Any CPU.Build.0 = Debug|Any CPU
		{6DD6E6F0-4732-4906-A6B9-75C931BA74AD}.Release|Any CPU.ActiveCfg = Release|Any CPU
		{6DD6E6F0-4732-4906-A6B9-75C931BA74AD}.Release|Any CPU.Build.0 = Release|Any CPU
		{52F3494E-5363-42EB-91EB-84EC17AEA3F7}.Debug|Any CPU.ActiveCfg = Debug|Any CPU
		{52F3494E-5363-42EB-91EB-84EC17AEA3F7}.Debug|Any CPU.Build.0 = Debug|Any CPU
		{52F3494E-5363-42EB-91EB-84EC17AEA3F7}.Release|Any CPU.ActiveCfg = Release|Any CPU
		{52F3494E-5363-42EB-91EB-84EC17AEA3F7}.Release|Any CPU.Build.0 = Release|Any CPU
		{2B142657-9CFD-4969-9E55-8F63C876CA40}.Debug|Any CPU.ActiveCfg = Debug|Any CPU
		{2B142657-9CFD-4969-9E55-8F63C876CA40}.Debug|Any CPU.Build.0 = Debug|Any CPU
		{2B142657-9CFD-4969-9E55-8F63C876CA40}.Release|Any CPU.ActiveCfg = Release|Any CPU
		{2B142657-9CFD-4969-9E55-8F63C876CA40}.Release|Any CPU.Build.0 = Release|Any CPU
	EndGlobalSection
	GlobalSection(SolutionProperties) = preSolution
		HideSolutionNode = FALSE
	EndGlobalSection
	GlobalSection(ExtensibilityGlobals) = postSolution
		SolutionGuid = {F363B0C3-D858-4D2A-9769-A65CA963C337}
	EndGlobalSection
EndGlobal
