
Microsoft Visual Studio Solution File, Format Version 12.00
# Visual Studio Version 17
VisualStudioVersion = 17.3.32901.215
MinimumVisualStudioVersion = 10.0.40219.1
Project("{FAE04EC0-301F-11D3-BF4B-00C04F79EFBC}") = "While Loop - Exercise", "While Loop - Exercise\While Loop - Exercise.csproj", "{3D866584-B527-489B-BAB8-B2B8C61599B1}"
EndProject
Project("{FAE04EC0-301F-11D3-BF4B-00C04F79EFBC}") = "T02. Exam Preparation", "T02. Exam Preparation\T02. Exam Preparation.csproj", "{225853F8-8558-4FD7-86B6-DBAA39A9FF73}"
EndProject
Project("{FAE04EC0-301F-11D3-BF4B-00C04F79EFBC}") = "T03. Vacation", "T03. Vacation\T03. Vacation.csproj", "{ACC8E37E-411C-41AE-8185-51CC98E63D3A}"
EndProject
Project("{FAE04EC0-301F-11D3-BF4B-00C04F79EFBC}") = "T04. Walking", "T04. Walking\T04. Walking.csproj", "{19B851CB-3625-4A55-B218-C21A88C69D39}"
EndProject
Project("{FAE04EC0-301F-11D3-BF4B-00C04F79EFBC}") = "T05. Coins", "T05. Coins\T05. Coins.csproj", "{53007DAD-9742-4622-BD96-F8D47D581D52}"
EndProject
Global
	GlobalSection(SolutionConfigurationPlatforms) = preSolution
		Debug|Any CPU = Debug|Any CPU
		Release|Any CPU = Release|Any CPU
	EndGlobalSection
	GlobalSection(ProjectConfigurationPlatforms) = postSolution
		{3D866584-B527-489B-BAB8-B2B8C61599B1}.Debug|Any CPU.ActiveCfg = Debug|Any CPU
		{3D866584-B527-489B-BAB8-B2B8C61599B1}.Debug|Any CPU.Build.0 = Debug|Any CPU
		{3D866584-B527-489B-BAB8-B2B8C61599B1}.Release|Any CPU.ActiveCfg = Release|Any CPU
		{3D866584-B527-489B-BAB8-B2B8C61599B1}.Release|Any CPU.Build.0 = Release|Any CPU
		{225853F8-8558-4FD7-86B6-DBAA39A9FF73}.Debug|Any CPU.ActiveCfg = Debug|Any CPU
		{225853F8-8558-4FD7-86B6-DBAA39A9FF73}.Debug|Any CPU.Build.0 = Debug|Any CPU
		{225853F8-8558-4FD7-86B6-DBAA39A9FF73}.Release|Any CPU.ActiveCfg = Release|Any CPU
		{225853F8-8558-4FD7-86B6-DBAA39A9FF73}.Release|Any CPU.Build.0 = Release|Any CPU
		{ACC8E37E-411C-41AE-8185-51CC98E63D3A}.Debug|Any CPU.ActiveCfg = Debug|Any CPU
		{ACC8E37E-411C-41AE-8185-51CC98E63D3A}.Debug|Any CPU.Build.0 = Debug|Any CPU
		{ACC8E37E-411C-41AE-8185-51CC98E63D3A}.Release|Any CPU.ActiveCfg = Release|Any CPU
		{ACC8E37E-411C-41AE-8185-51CC98E63D3A}.Release|Any CPU.Build.0 = Release|Any CPU
		{19B851CB-3625-4A55-B218-C21A88C69D39}.Debug|Any CPU.ActiveCfg = Debug|Any CPU
		{19B851CB-3625-4A55-B218-C21A88C69D39}.Debug|Any CPU.Build.0 = Debug|Any CPU
		{19B851CB-3625-4A55-B218-C21A88C69D39}.Release|Any CPU.ActiveCfg = Release|Any CPU
		{19B851CB-3625-4A55-B218-C21A88C69D39}.Release|Any CPU.Build.0 = Release|Any CPU
		{53007DAD-9742-4622-BD96-F8D47D581D52}.Debug|Any CPU.ActiveCfg = Debug|Any CPU
		{53007DAD-9742-4622-BD96-F8D47D581D52}.Debug|Any CPU.Build.0 = Debug|Any CPU
		{53007DAD-9742-4622-BD96-F8D47D581D52}.Release|Any CPU.ActiveCfg = Release|Any CPU
		{53007DAD-9742-4622-BD96-F8D47D581D52}.Release|Any CPU.Build.0 = Release|Any CPU
	EndGlobalSection
	GlobalSection(SolutionProperties) = preSolution
		HideSolutionNode = FALSE
	EndGlobalSection
	GlobalSection(ExtensibilityGlobals) = postSolution
		SolutionGuid = {14D1D419-CF50-4D3D-AF73-90D03AB1B0D1}
	EndGlobalSection
EndGlobal
