
Microsoft Visual Studio Solution File, Format Version 12.00
# Visual Studio Version 17
VisualStudioVersion = 17.2.32630.192
MinimumVisualStudioVersion = 10.0.40219.1
Project("{FAE04EC0-301F-11D3-BF4B-00C04F79EFBC}") = "T01. Sum Seconds", "Conditional_Statements_Exercise\T01. Sum Seconds.csproj", "{43065C8B-A337-46D9-8458-3ED5949C9889}"
EndProject
Project("{FAE04EC0-301F-11D3-BF4B-00C04F79EFBC}") = "T02. Bonus Score", "T02. Bonus Score\T02. Bonus Score.csproj", "{0A700AFE-48D3-4C03-A07A-D34954479A6F}"
EndProject
Project("{FAE04EC0-301F-11D3-BF4B-00C04F79EFBC}") = "T03. Time + 15 Minutes", "T03. Time + 15 Minutes\T03. Time + 15 Minutes.csproj", "{2B49BD80-7176-4711-A7EA-9806E495D415}"
EndProject
Project("{FAE04EC0-301F-11D3-BF4B-00C04F79EFBC}") = "T04. Toy Shop", "T04. Toy Shop\T04. Toy Shop.csproj", "{B0864967-0467-4015-84A5-D66133F1568F}"
EndProject
Project("{FAE04EC0-301F-11D3-BF4B-00C04F79EFBC}") = "T05. Godzilla vs. Kong", "T05. Godzilla vs. Kong\T05. Godzilla vs. Kong.csproj", "{67EC05D6-A707-4E42-98C7-B52788366E85}"
EndProject
Global
	GlobalSection(SolutionConfigurationPlatforms) = preSolution
		Debug|Any CPU = Debug|Any CPU
		Release|Any CPU = Release|Any CPU
	EndGlobalSection
	GlobalSection(ProjectConfigurationPlatforms) = postSolution
		{43065C8B-A337-46D9-8458-3ED5949C9889}.Debug|Any CPU.ActiveCfg = Debug|Any CPU
		{43065C8B-A337-46D9-8458-3ED5949C9889}.Debug|Any CPU.Build.0 = Debug|Any CPU
		{43065C8B-A337-46D9-8458-3ED5949C9889}.Release|Any CPU.ActiveCfg = Release|Any CPU
		{43065C8B-A337-46D9-8458-3ED5949C9889}.Release|Any CPU.Build.0 = Release|Any CPU
		{0A700AFE-48D3-4C03-A07A-D34954479A6F}.Debug|Any CPU.ActiveCfg = Debug|Any CPU
		{0A700AFE-48D3-4C03-A07A-D34954479A6F}.Debug|Any CPU.Build.0 = Debug|Any CPU
		{0A700AFE-48D3-4C03-A07A-D34954479A6F}.Release|Any CPU.ActiveCfg = Release|Any CPU
		{0A700AFE-48D3-4C03-A07A-D34954479A6F}.Release|Any CPU.Build.0 = Release|Any CPU
		{2B49BD80-7176-4711-A7EA-9806E495D415}.Debug|Any CPU.ActiveCfg = Debug|Any CPU
		{2B49BD80-7176-4711-A7EA-9806E495D415}.Debug|Any CPU.Build.0 = Debug|Any CPU
		{2B49BD80-7176-4711-A7EA-9806E495D415}.Release|Any CPU.ActiveCfg = Release|Any CPU
		{2B49BD80-7176-4711-A7EA-9806E495D415}.Release|Any CPU.Build.0 = Release|Any CPU
		{B0864967-0467-4015-84A5-D66133F1568F}.Debug|Any CPU.ActiveCfg = Debug|Any CPU
		{B0864967-0467-4015-84A5-D66133F1568F}.Debug|Any CPU.Build.0 = Debug|Any CPU
		{B0864967-0467-4015-84A5-D66133F1568F}.Release|Any CPU.ActiveCfg = Release|Any CPU
		{B0864967-0467-4015-84A5-D66133F1568F}.Release|Any CPU.Build.0 = Release|Any CPU
		{67EC05D6-A707-4E42-98C7-B52788366E85}.Debug|Any CPU.ActiveCfg = Debug|Any CPU
		{67EC05D6-A707-4E42-98C7-B52788366E85}.Debug|Any CPU.Build.0 = Debug|Any CPU
		{67EC05D6-A707-4E42-98C7-B52788366E85}.Release|Any CPU.ActiveCfg = Release|Any CPU
		{67EC05D6-A707-4E42-98C7-B52788366E85}.Release|Any CPU.Build.0 = Release|Any CPU
	EndGlobalSection
	GlobalSection(SolutionProperties) = preSolution
		HideSolutionNode = FALSE
	EndGlobalSection
	GlobalSection(ExtensibilityGlobals) = postSolution
		SolutionGuid = {B3D9DCFE-8C69-4CE5-8ADE-934AAFF029E2}
	EndGlobalSection
EndGlobal
